
Microsoft Visual Studio Solution File, Format Version 12.00
# Visual Studio Version 17
VisualStudioVersion = 17.4.33205.214
MinimumVisualStudioVersion = 10.0.40219.1
Project("{8BC9CEB8-8B4A-11D0-8D11-00A0C91BC942}") = "FirstAnimation", "OpenGL1.vcxproj", "{64BD65F0-D4D1-48FA-896E-2A2981EC015C}"
EndProject
Project("{8BC9CEB8-8B4A-11D0-8D11-00A0C91BC942}") = "SecondAnimation", "SecondAnimation\SecondAnimation.vcxproj", "{865833D1-BA9B-4E32-8A98-6883A268913F}"
EndProject
Global
	GlobalSection(SolutionConfigurationPlatforms) = preSolution
		Debug|x64 = Debug|x64
		Debug|x86 = Debug|x86
		Release|x64 = Release|x64
		Release|x86 = Release|x86
	EndGlobalSection
	GlobalSection(ProjectConfigurationPlatforms) = postSolution
		{64BD65F0-D4D1-48FA-896E-2A2981EC015C}.Debug|x64.ActiveCfg = Debug|x64
		{64BD65F0-D4D1-48FA-896E-2A2981EC015C}.Debug|x64.Build.0 = Debug|x64
		{64BD65F0-D4D1-48FA-896E-2A2981EC015C}.Debug|x86.ActiveCfg = Debug|Win32
		{64BD65F0-D4D1-48FA-896E-2A2981EC015C}.Debug|x86.Build.0 = Debug|Win32
		{64BD65F0-D4D1-48FA-896E-2A2981EC015C}.Release|x64.ActiveCfg = Release|x64
		{64BD65F0-D4D1-48FA-896E-2A2981EC015C}.Release|x64.Build.0 = Release|x64
		{64BD65F0-D4D1-48FA-896E-2A2981EC015C}.Release|x86.ActiveCfg = Release|Win32
		{64BD65F0-D4D1-48FA-896E-2A2981EC015C}.Release|x86.Build.0 = Release|Win32
		{865833D1-BA9B-4E32-8A98-6883A268913F}.Debug|x64.ActiveCfg = Debug|x64
		{865833D1-BA9B-4E32-8A98-6883A268913F}.Debug|x64.Build.0 = Debug|x64
		{865833D1-BA9B-4E32-8A98-6883A268913F}.Debug|x86.ActiveCfg = Debug|Win32
		{865833D1-BA9B-4E32-8A98-6883A268913F}.Debug|x86.Build.0 = Debug|Win32
		{865833D1-BA9B-4E32-8A98-6883A268913F}.Release|x64.ActiveCfg = Release|x64
		{865833D1-BA9B-4E32-8A98-6883A268913F}.Release|x64.Build.0 = Release|x64
		{865833D1-BA9B-4E32-8A98-6883A268913F}.Release|x86.ActiveCfg = Release|Win32
		{865833D1-BA9B-4E32-8A98-6883A268913F}.Release|x86.Build.0 = Release|Win32
	EndGlobalSection
	GlobalSection(SolutionProperties) = preSolution
		HideSolutionNode = FALSE
	EndGlobalSection
	GlobalSection(ExtensibilityGlobals) = postSolution
		SolutionGuid = {B2FD84ED-DB0E-4AAD-8F26-58B8B7A53E02}
	EndGlobalSection
EndGlobal
